
Microsoft Visual Studio Solution File, Format Version 12.00
# Visual Studio Version 16
VisualStudioVersion = 16.0.28803.156
MinimumVisualStudioVersion = 10.0.40219.1
Project("{FAE04EC0-301F-11D3-BF4B-00C04F79EFBC}") = "SlimeMoriMoriCompression", "SlimeMoriMoriCompression\SlimeMoriMoriCompression.csproj", "{64982C40-FCB0-426B-AB3D-B277A00C088D}"
EndProject
Global
	GlobalSection(SolutionConfigurationPlatforms) = preSolution
		Debug|Any CPU = Debug|Any CPU
		Release|Any CPU = Release|Any CPU
	EndGlobalSection
	GlobalSection(ProjectConfigurationPlatforms) = postSolution
		{64982C40-FCB0-426B-AB3D-B277A00C088D}.Debug|Any CPU.ActiveCfg = Debug|Any CPU
		{64982C40-FCB0-426B-AB3D-B277A00C088D}.Debug|Any CPU.Build.0 = Debug|Any CPU
		{64982C40-FCB0-426B-AB3D-B277A00C088D}.Release|Any CPU.ActiveCfg = Release|Any CPU
		{64982C40-FCB0-426B-AB3D-B277A00C088D}.Release|Any CPU.Build.0 = Release|Any CPU
	EndGlobalSection
	GlobalSection(SolutionProperties) = preSolution
		HideSolutionNode = FALSE
	EndGlobalSection
	GlobalSection(ExtensibilityGlobals) = postSolution
		SolutionGuid = {AE89ADF5-D024-401E-8865-63A7AD3159EB}
	EndGlobalSection
EndGlobal
